
Microsoft Visual Studio Solution File, Format Version 12.00
# Visual Studio Version 17
VisualStudioVersion = 17.1.32407.343
MinimumVisualStudioVersion = 10.0.40219.1
Project("{9A19103F-16F7-4668-BE54-9A1E7A4F7556}") = "LeaveManagementWeb", "LeaveManagementWeb\LeaveManagementWeb.csproj", "{A69E8E90-061E-4D11-A472-AF0D4DBCC64E}"
EndProject
Project("{9A19103F-16F7-4668-BE54-9A1E7A4F7556}") = "LeaveManagementData", "LeaveManagementData\LeaveManagementData.csproj", "{A81548CC-A340-44B7-AD0E-2A764FA3258A}"
EndProject
Project("{9A19103F-16F7-4668-BE54-9A1E7A4F7556}") = "LeaveManagementRepositories", "LeaveManagementRepositories\LeaveManagementRepositories.csproj", "{FAB0429B-A355-42A8-B1FE-71D748FB1863}"
EndProject
Global
	GlobalSection(SolutionConfigurationPlatforms) = preSolution
		Debug|Any CPU = Debug|Any CPU
		Release|Any CPU = Release|Any CPU
	EndGlobalSection
	GlobalSection(ProjectConfigurationPlatforms) = postSolution
		{A69E8E90-061E-4D11-A472-AF0D4DBCC64E}.Debug|Any CPU.ActiveCfg = Debug|Any CPU
		{A69E8E90-061E-4D11-A472-AF0D4DBCC64E}.Debug|Any CPU.Build.0 = Debug|Any CPU
		{A69E8E90-061E-4D11-A472-AF0D4DBCC64E}.Release|Any CPU.ActiveCfg = Release|Any CPU
		{A69E8E90-061E-4D11-A472-AF0D4DBCC64E}.Release|Any CPU.Build.0 = Release|Any CPU
		{A81548CC-A340-44B7-AD0E-2A764FA3258A}.Debug|Any CPU.ActiveCfg = Debug|Any CPU
		{A81548CC-A340-44B7-AD0E-2A764FA3258A}.Debug|Any CPU.Build.0 = Debug|Any CPU
		{A81548CC-A340-44B7-AD0E-2A764FA3258A}.Release|Any CPU.ActiveCfg = Release|Any CPU
		{A81548CC-A340-44B7-AD0E-2A764FA3258A}.Release|Any CPU.Build.0 = Release|Any CPU
		{FAB0429B-A355-42A8-B1FE-71D748FB1863}.Debug|Any CPU.ActiveCfg = Debug|Any CPU
		{FAB0429B-A355-42A8-B1FE-71D748FB1863}.Debug|Any CPU.Build.0 = Debug|Any CPU
		{FAB0429B-A355-42A8-B1FE-71D748FB1863}.Release|Any CPU.ActiveCfg = Release|Any CPU
		{FAB0429B-A355-42A8-B1FE-71D748FB1863}.Release|Any CPU.Build.0 = Release|Any CPU
	EndGlobalSection
	GlobalSection(SolutionProperties) = preSolution
		HideSolutionNode = FALSE
	EndGlobalSection
	GlobalSection(ExtensibilityGlobals) = postSolution
		SolutionGuid = {60A9FACF-FA93-4DE7-8878-0EACDFE6048E}
	EndGlobalSection
EndGlobal
